
Microsoft Visual Studio Solution File, Format Version 12.00
# Visual Studio Version 17
VisualStudioVersion = 17.3.32611.2
MinimumVisualStudioVersion = 10.0.40219.1
Project("{2150E333-8FDC-42A3-9474-1A3956D46DE8}") = "src", "src", "{B0194309-E1D3-4271-8283-087CFEE8B8CF}"
EndProject
Project("{2150E333-8FDC-42A3-9474-1A3956D46DE8}") = "1-Shared", "1-Shared", "{057D6FA8-0AFE-4147-A842-E21E9AAE2FB3}"
EndProject
Project("{2150E333-8FDC-42A3-9474-1A3956D46DE8}") = "2-Backend", "2-Backend", "{58C69758-F846-4431-93B0-DB8C0C478137}"
EndProject
Project("{2150E333-8FDC-42A3-9474-1A3956D46DE8}") = "Identidade", "Identidade", "{8EC87402-925B-4C70-AB56-D8C821116AAB}"
EndProject
Project("{9A19103F-16F7-4668-BE54-9A1E7A4F7556}") = "App.Identidade.API", "src\services\App.Identidade.API\App.Identidade.API.csproj", "{3A3FF9D7-1053-43E3-9772-3F4AECC351D5}"
EndProject
Project("{2150E333-8FDC-42A3-9474-1A3956D46DE8}") = "Core", "Core", "{A1B9D4C1-F5F0-42CE-9D2B-8C78530E86D1}"
EndProject
Project("{9A19103F-16F7-4668-BE54-9A1E7A4F7556}") = "App.Core", "src\building blocks\App.Core\App.Core.csproj", "{00304B7A-C62A-46D0-BBE6-281D471531BF}"
EndProject
Project("{2150E333-8FDC-42A3-9474-1A3956D46DE8}") = "4-Frontend", "4-Frontend", "{370B86D3-D1FA-4F8D-8651-F6BC1CE13EA3}"
EndProject
Project("{2150E333-8FDC-42A3-9474-1A3956D46DE8}") = "Mvc", "Mvc", "{2A76FC42-97A7-4B16-AE6C-1FECA9A1D672}"
EndProject
Project("{9A19103F-16F7-4668-BE54-9A1E7A4F7556}") = "App.WebApp.Mvc", "src\web\App.WebApp.Mvc\App.WebApp.Mvc.csproj", "{D71733B4-4675-4ED5-9B53-C5FDD81278F2}"
EndProject
Project("{2150E333-8FDC-42A3-9474-1A3956D46DE8}") = "Catalogo", "Catalogo", "{91F0A0EA-C912-4D8F-899E-75C30DFDBE51}"
EndProject
Project("{9A19103F-16F7-4668-BE54-9A1E7A4F7556}") = "App.Catalogo.API", "src\services\App.Catalogo.API\App.Catalogo.API.csproj", "{1CBABAC8-BEED-4BB2-8713-47E715056D78}"
EndProject
Project("{2150E333-8FDC-42A3-9474-1A3956D46DE8}") = "Services", "Services", "{6CF02912-E6A7-4751-A4A3-F79911322725}"
EndProject
Project("{9A19103F-16F7-4668-BE54-9A1E7A4F7556}") = "App.WebAPI.Core", "src\building blocks\App.WebAPI.Core\App.WebAPI.Core.csproj", "{9F17822E-5709-464C-B98F-D656E39B47FD}"
EndProject
Project("{2150E333-8FDC-42A3-9474-1A3956D46DE8}") = "Cliente", "Cliente", "{059E5F65-5B1F-4AEA-9C0F-9DD174914171}"
EndProject
Project("{9A19103F-16F7-4668-BE54-9A1E7A4F7556}") = "App.Clientes.API", "src\services\App.Clientes.API\App.Clientes.API.csproj", "{C017031D-9866-4810-9F47-20F200B02AE5}"
EndProject
Project("{2150E333-8FDC-42A3-9474-1A3956D46DE8}") = "MessageBus", "MessageBus", "{DBDE9BF6-7A32-46CF-B591-EDE54A1D8704}"
EndProject
Project("{9A19103F-16F7-4668-BE54-9A1E7A4F7556}") = "App.MessageBus", "src\building blocks\App.MessageBus\App.MessageBus.csproj", "{3BDFE8DA-3340-42E4-AE47-BD3FFFA291E3}"
EndProject
Project("{2150E333-8FDC-42A3-9474-1A3956D46DE8}") = "Carrinho", "Carrinho", "{9CD5F5BD-DBD0-4E34-B88E-4A4B54BCB093}"
EndProject
Project("{9A19103F-16F7-4668-BE54-9A1E7A4F7556}") = "App.Carrinho.API", "src\services\App.Carrinho.API\App.Carrinho.API.csproj", "{4D1F9DB4-9AA8-4AD8-95CA-38C35185628C}"
EndProject
Project("{2150E333-8FDC-42A3-9474-1A3956D46DE8}") = "3-Backend For Frontend", "3-Backend For Frontend", "{628C18F1-C68E-42AE-82D9-DAEA19EAC401}"
EndProject
Project("{2150E333-8FDC-42A3-9474-1A3956D46DE8}") = "Compras", "Compras", "{8209F7C3-DEFE-401D-B719-03A51BEAEF8F}"
EndProject
Project("{9A19103F-16F7-4668-BE54-9A1E7A4F7556}") = "App.Bff.Compras", "src\api gateways\App.Bff.Compras\App.Bff.Compras.csproj", "{784F8DD9-400D-4CB1-A95E-B27A17265D62}"
EndProject
Project("{2150E333-8FDC-42A3-9474-1A3956D46DE8}") = "Pedido", "Pedido", "{1027F92F-9602-4146-AAC0-DD1E69D50C7D}"
EndProject
Project("{9A19103F-16F7-4668-BE54-9A1E7A4F7556}") = "App.Pedidos.API", "src\services\App.Pedidos.API\App.Pedidos.API.csproj", "{FDE619F0-CE0D-466F-98E7-B41A04798FEE}"
EndProject
Project("{9A19103F-16F7-4668-BE54-9A1E7A4F7556}") = "App.Pedidos.Domain", "src\services\App.Pedidos.Domain\App.Pedidos.Domain.csproj", "{4FBE7569-D0B3-4DBD-91DA-9E72642BF58F}"
EndProject
Project("{9A19103F-16F7-4668-BE54-9A1E7A4F7556}") = "App.Pedidos.Infra", "src\services\App.Pedidos.Infra\App.Pedidos.Infra.csproj", "{F98EB1FD-77CE-4B5E-9775-FEE3B7E699E8}"
EndProject
Project("{2150E333-8FDC-42A3-9474-1A3956D46DE8}") = "Pagamento", "Pagamento", "{255BB0D6-C266-4F8C-94E7-1233828E374D}"
EndProject
Project("{9A19103F-16F7-4668-BE54-9A1E7A4F7556}") = "App.Pagamentos.API", "src\services\App.Pagamentos.API\App.Pagamentos.API.csproj", "{8D93C28A-710B-4B12-AF20-D99399765B37}"
EndProject
Project("{9A19103F-16F7-4668-BE54-9A1E7A4F7556}") = "App.Pagamentos.CorePag", "src\services\App.Pagamentos.CorePag\App.Pagamentos.CorePag.csproj", "{9796417B-C675-4425-8472-4A3509A7AFB1}"
EndProject
Project("{9A19103F-16F7-4668-BE54-9A1E7A4F7556}") = "App.Backoffice.Mvc", "src\web\App.Backoffice.Mvc\App.Backoffice.Mvc.csproj", "{6CFAF458-9FD4-479D-B304-B055F2A67684}"
EndProject
Global
	GlobalSection(SolutionConfigurationPlatforms) = preSolution
		Debug|Any CPU = Debug|Any CPU
		Release|Any CPU = Release|Any CPU
	EndGlobalSection
	GlobalSection(ProjectConfigurationPlatforms) = postSolution
		{3A3FF9D7-1053-43E3-9772-3F4AECC351D5}.Debug|Any CPU.ActiveCfg = Debug|Any CPU
		{3A3FF9D7-1053-43E3-9772-3F4AECC351D5}.Debug|Any CPU.Build.0 = Debug|Any CPU
		{3A3FF9D7-1053-43E3-9772-3F4AECC351D5}.Release|Any CPU.ActiveCfg = Release|Any CPU
		{3A3FF9D7-1053-43E3-9772-3F4AECC351D5}.Release|Any CPU.Build.0 = Release|Any CPU
		{00304B7A-C62A-46D0-BBE6-281D471531BF}.Debug|Any CPU.ActiveCfg = Debug|Any CPU
		{00304B7A-C62A-46D0-BBE6-281D471531BF}.Debug|Any CPU.Build.0 = Debug|Any CPU
		{00304B7A-C62A-46D0-BBE6-281D471531BF}.Release|Any CPU.ActiveCfg = Release|Any CPU
		{00304B7A-C62A-46D0-BBE6-281D471531BF}.Release|Any CPU.Build.0 = Release|Any CPU
		{D71733B4-4675-4ED5-9B53-C5FDD81278F2}.Debug|Any CPU.ActiveCfg = Debug|Any CPU
		{D71733B4-4675-4ED5-9B53-C5FDD81278F2}.Debug|Any CPU.Build.0 = Debug|Any CPU
		{D71733B4-4675-4ED5-9B53-C5FDD81278F2}.Release|Any CPU.ActiveCfg = Release|Any CPU
		{D71733B4-4675-4ED5-9B53-C5FDD81278F2}.Release|Any CPU.Build.0 = Release|Any CPU
		{1CBABAC8-BEED-4BB2-8713-47E715056D78}.Debug|Any CPU.ActiveCfg = Debug|Any CPU
		{1CBABAC8-BEED-4BB2-8713-47E715056D78}.Debug|Any CPU.Build.0 = Debug|Any CPU
		{1CBABAC8-BEED-4BB2-8713-47E715056D78}.Release|Any CPU.ActiveCfg = Release|Any CPU
		{1CBABAC8-BEED-4BB2-8713-47E715056D78}.Release|Any CPU.Build.0 = Release|Any CPU
		{9F17822E-5709-464C-B98F-D656E39B47FD}.Debug|Any CPU.ActiveCfg = Debug|Any CPU
		{9F17822E-5709-464C-B98F-D656E39B47FD}.Debug|Any CPU.Build.0 = Debug|Any CPU
		{9F17822E-5709-464C-B98F-D656E39B47FD}.Release|Any CPU.ActiveCfg = Release|Any CPU
		{9F17822E-5709-464C-B98F-D656E39B47FD}.Release|Any CPU.Build.0 = Release|Any CPU
		{C017031D-9866-4810-9F47-20F200B02AE5}.Debug|Any CPU.ActiveCfg = Debug|Any CPU
		{C017031D-9866-4810-9F47-20F200B02AE5}.Debug|Any CPU.Build.0 = Debug|Any CPU
		{C017031D-9866-4810-9F47-20F200B02AE5}.Release|Any CPU.ActiveCfg = Release|Any CPU
		{C017031D-9866-4810-9F47-20F200B02AE5}.Release|Any CPU.Build.0 = Release|Any CPU
		{3BDFE8DA-3340-42E4-AE47-BD3FFFA291E3}.Debug|Any CPU.ActiveCfg = Debug|Any CPU
		{3BDFE8DA-3340-42E4-AE47-BD3FFFA291E3}.Debug|Any CPU.Build.0 = Debug|Any CPU
		{3BDFE8DA-3340-42E4-AE47-BD3FFFA291E3}.Release|Any CPU.ActiveCfg = Release|Any CPU
		{3BDFE8DA-3340-42E4-AE47-BD3FFFA291E3}.Release|Any CPU.Build.0 = Release|Any CPU
		{4D1F9DB4-9AA8-4AD8-95CA-38C35185628C}.Debug|Any CPU.ActiveCfg = Debug|Any CPU
		{4D1F9DB4-9AA8-4AD8-95CA-38C35185628C}.Debug|Any CPU.Build.0 = Debug|Any CPU
		{4D1F9DB4-9AA8-4AD8-95CA-38C35185628C}.Release|Any CPU.ActiveCfg = Release|Any CPU
		{4D1F9DB4-9AA8-4AD8-95CA-38C35185628C}.Release|Any CPU.Build.0 = Release|Any CPU
		{784F8DD9-400D-4CB1-A95E-B27A17265D62}.Debug|Any CPU.ActiveCfg = Debug|Any CPU
		{784F8DD9-400D-4CB1-A95E-B27A17265D62}.Debug|Any CPU.Build.0 = Debug|Any CPU
		{784F8DD9-400D-4CB1-A95E-B27A17265D62}.Release|Any CPU.ActiveCfg = Release|Any CPU
		{784F8DD9-400D-4CB1-A95E-B27A17265D62}.Release|Any CPU.Build.0 = Release|Any CPU
		{FDE619F0-CE0D-466F-98E7-B41A04798FEE}.Debug|Any CPU.ActiveCfg = Debug|Any CPU
		{FDE619F0-CE0D-466F-98E7-B41A04798FEE}.Debug|Any CPU.Build.0 = Debug|Any CPU
		{FDE619F0-CE0D-466F-98E7-B41A04798FEE}.Release|Any CPU.ActiveCfg = Release|Any CPU
		{FDE619F0-CE0D-466F-98E7-B41A04798FEE}.Release|Any CPU.Build.0 = Release|Any CPU
		{4FBE7569-D0B3-4DBD-91DA-9E72642BF58F}.Debug|Any CPU.ActiveCfg = Debug|Any CPU
		{4FBE7569-D0B3-4DBD-91DA-9E72642BF58F}.Debug|Any CPU.Build.0 = Debug|Any CPU
		{4FBE7569-D0B3-4DBD-91DA-9E72642BF58F}.Release|Any CPU.ActiveCfg = Release|Any CPU
		{4FBE7569-D0B3-4DBD-91DA-9E72642BF58F}.Release|Any CPU.Build.0 = Release|Any CPU
		{F98EB1FD-77CE-4B5E-9775-FEE3B7E699E8}.Debug|Any CPU.ActiveCfg = Debug|Any CPU
		{F98EB1FD-77CE-4B5E-9775-FEE3B7E699E8}.Debug|Any CPU.Build.0 = Debug|Any CPU
		{F98EB1FD-77CE-4B5E-9775-FEE3B7E699E8}.Release|Any CPU.ActiveCfg = Release|Any CPU
		{F98EB1FD-77CE-4B5E-9775-FEE3B7E699E8}.Release|Any CPU.Build.0 = Release|Any CPU
		{8D93C28A-710B-4B12-AF20-D99399765B37}.Debug|Any CPU.ActiveCfg = Debug|Any CPU
		{8D93C28A-710B-4B12-AF20-D99399765B37}.Debug|Any CPU.Build.0 = Debug|Any CPU
		{8D93C28A-710B-4B12-AF20-D99399765B37}.Release|Any CPU.ActiveCfg = Release|Any CPU
		{8D93C28A-710B-4B12-AF20-D99399765B37}.Release|Any CPU.Build.0 = Release|Any CPU
		{9796417B-C675-4425-8472-4A3509A7AFB1}.Debug|Any CPU.ActiveCfg = Debug|Any CPU
		{9796417B-C675-4425-8472-4A3509A7AFB1}.Debug|Any CPU.Build.0 = Debug|Any CPU
		{9796417B-C675-4425-8472-4A3509A7AFB1}.Release|Any CPU.ActiveCfg = Release|Any CPU
		{9796417B-C675-4425-8472-4A3509A7AFB1}.Release|Any CPU.Build.0 = Release|Any CPU
		{6CFAF458-9FD4-479D-B304-B055F2A67684}.Debug|Any CPU.ActiveCfg = Debug|Any CPU
		{6CFAF458-9FD4-479D-B304-B055F2A67684}.Debug|Any CPU.Build.0 = Debug|Any CPU
		{6CFAF458-9FD4-479D-B304-B055F2A67684}.Release|Any CPU.ActiveCfg = Release|Any CPU
		{6CFAF458-9FD4-479D-B304-B055F2A67684}.Release|Any CPU.Build.0 = Release|Any CPU
	EndGlobalSection
	GlobalSection(SolutionProperties) = preSolution
		HideSolutionNode = FALSE
	EndGlobalSection
	GlobalSection(NestedProjects) = preSolution
		{057D6FA8-0AFE-4147-A842-E21E9AAE2FB3} = {B0194309-E1D3-4271-8283-087CFEE8B8CF}
		{58C69758-F846-4431-93B0-DB8C0C478137} = {B0194309-E1D3-4271-8283-087CFEE8B8CF}
		{8EC87402-925B-4C70-AB56-D8C821116AAB} = {58C69758-F846-4431-93B0-DB8C0C478137}
		{3A3FF9D7-1053-43E3-9772-3F4AECC351D5} = {8EC87402-925B-4C70-AB56-D8C821116AAB}
		{A1B9D4C1-F5F0-42CE-9D2B-8C78530E86D1} = {057D6FA8-0AFE-4147-A842-E21E9AAE2FB3}
		{00304B7A-C62A-46D0-BBE6-281D471531BF} = {A1B9D4C1-F5F0-42CE-9D2B-8C78530E86D1}
		{370B86D3-D1FA-4F8D-8651-F6BC1CE13EA3} = {B0194309-E1D3-4271-8283-087CFEE8B8CF}
		{2A76FC42-97A7-4B16-AE6C-1FECA9A1D672} = {370B86D3-D1FA-4F8D-8651-F6BC1CE13EA3}
		{D71733B4-4675-4ED5-9B53-C5FDD81278F2} = {2A76FC42-97A7-4B16-AE6C-1FECA9A1D672}
		{91F0A0EA-C912-4D8F-899E-75C30DFDBE51} = {58C69758-F846-4431-93B0-DB8C0C478137}
		{1CBABAC8-BEED-4BB2-8713-47E715056D78} = {91F0A0EA-C912-4D8F-899E-75C30DFDBE51}
		{6CF02912-E6A7-4751-A4A3-F79911322725} = {057D6FA8-0AFE-4147-A842-E21E9AAE2FB3}
		{9F17822E-5709-464C-B98F-D656E39B47FD} = {6CF02912-E6A7-4751-A4A3-F79911322725}
		{059E5F65-5B1F-4AEA-9C0F-9DD174914171} = {58C69758-F846-4431-93B0-DB8C0C478137}
		{C017031D-9866-4810-9F47-20F200B02AE5} = {059E5F65-5B1F-4AEA-9C0F-9DD174914171}
		{DBDE9BF6-7A32-46CF-B591-EDE54A1D8704} = {057D6FA8-0AFE-4147-A842-E21E9AAE2FB3}
		{3BDFE8DA-3340-42E4-AE47-BD3FFFA291E3} = {DBDE9BF6-7A32-46CF-B591-EDE54A1D8704}
		{9CD5F5BD-DBD0-4E34-B88E-4A4B54BCB093} = {58C69758-F846-4431-93B0-DB8C0C478137}
		{4D1F9DB4-9AA8-4AD8-95CA-38C35185628C} = {9CD5F5BD-DBD0-4E34-B88E-4A4B54BCB093}
		{628C18F1-C68E-42AE-82D9-DAEA19EAC401} = {B0194309-E1D3-4271-8283-087CFEE8B8CF}
		{8209F7C3-DEFE-401D-B719-03A51BEAEF8F} = {628C18F1-C68E-42AE-82D9-DAEA19EAC401}
		{784F8DD9-400D-4CB1-A95E-B27A17265D62} = {8209F7C3-DEFE-401D-B719-03A51BEAEF8F}
		{1027F92F-9602-4146-AAC0-DD1E69D50C7D} = {58C69758-F846-4431-93B0-DB8C0C478137}
		{FDE619F0-CE0D-466F-98E7-B41A04798FEE} = {1027F92F-9602-4146-AAC0-DD1E69D50C7D}
		{4FBE7569-D0B3-4DBD-91DA-9E72642BF58F} = {1027F92F-9602-4146-AAC0-DD1E69D50C7D}
		{F98EB1FD-77CE-4B5E-9775-FEE3B7E699E8} = {1027F92F-9602-4146-AAC0-DD1E69D50C7D}
		{255BB0D6-C266-4F8C-94E7-1233828E374D} = {58C69758-F846-4431-93B0-DB8C0C478137}
		{8D93C28A-710B-4B12-AF20-D99399765B37} = {255BB0D6-C266-4F8C-94E7-1233828E374D}
		{9796417B-C675-4425-8472-4A3509A7AFB1} = {255BB0D6-C266-4F8C-94E7-1233828E374D}
		{6CFAF458-9FD4-479D-B304-B055F2A67684} = {2A76FC42-97A7-4B16-AE6C-1FECA9A1D672}
	EndGlobalSection
	GlobalSection(ExtensibilityGlobals) = postSolution
		SolutionGuid = {79BD0606-FF44-43EC-9F02-781363269A46}
	EndGlobalSection
EndGlobal
